
Microsoft Visual Studio Solution File, Format Version 12.00
# Visual Studio 15
VisualStudioVersion = 15.0.28010.2046
MinimumVisualStudioVersion = 10.0.40219.1
Project("{9A19103F-16F7-4668-BE54-9A1E7A4F7556}") = "1Talent.Admin", "1Talent.Admin\1Talent.Admin.csproj", "{B5D4D750-A0D9-48E6-9926-BDF6047A95A5}"
EndProject
Project("{9A19103F-16F7-4668-BE54-9A1E7A4F7556}") = "1Talent.Admin.BLL", "1Talent.Admin.BLL\1Talent.Admin.BLL.csproj", "{00892FB3-C196-481E-AF59-DBAE8E578228}"
EndProject
Project("{9A19103F-16F7-4668-BE54-9A1E7A4F7556}") = "1Talent.Admin.DAL", "1Talent.Admin.DAL\1Talent.Admin.DAL.csproj", "{3E04D1CD-D982-4F36-A980-CA3A98866D91}"
EndProject
Project("{9A19103F-16F7-4668-BE54-9A1E7A4F7556}") = "1Talent.Admin.DTO", "1Talent.Admin.DTO\1Talent.Admin.DTO.csproj", "{48354588-2933-4F2C-A645-872FA9F007EE}"
EndProject
Project("{FAE04EC0-301F-11D3-BF4B-00C04F79EFBC}") = "1Talent.Admin.Tests", "1Talent.Admin.Tests\1Talent.Admin.Tests.csproj", "{3EE01AE4-931F-4BFC-A675-78999763D59C}"
EndProject
Global
	GlobalSection(SolutionConfigurationPlatforms) = preSolution
		Debug|Any CPU = Debug|Any CPU
		Release|Any CPU = Release|Any CPU
	EndGlobalSection
	GlobalSection(ProjectConfigurationPlatforms) = postSolution
		{B5D4D750-A0D9-48E6-9926-BDF6047A95A5}.Debug|Any CPU.ActiveCfg = Debug|Any CPU
		{B5D4D750-A0D9-48E6-9926-BDF6047A95A5}.Debug|Any CPU.Build.0 = Debug|Any CPU
		{B5D4D750-A0D9-48E6-9926-BDF6047A95A5}.Release|Any CPU.ActiveCfg = Release|Any CPU
		{B5D4D750-A0D9-48E6-9926-BDF6047A95A5}.Release|Any CPU.Build.0 = Release|Any CPU
		{00892FB3-C196-481E-AF59-DBAE8E578228}.Debug|Any CPU.ActiveCfg = Debug|Any CPU
		{00892FB3-C196-481E-AF59-DBAE8E578228}.Debug|Any CPU.Build.0 = Debug|Any CPU
		{00892FB3-C196-481E-AF59-DBAE8E578228}.Release|Any CPU.ActiveCfg = Release|Any CPU
		{00892FB3-C196-481E-AF59-DBAE8E578228}.Release|Any CPU.Build.0 = Release|Any CPU
		{3E04D1CD-D982-4F36-A980-CA3A98866D91}.Debug|Any CPU.ActiveCfg = Debug|Any CPU
		{3E04D1CD-D982-4F36-A980-CA3A98866D91}.Debug|Any CPU.Build.0 = Debug|Any CPU
		{3E04D1CD-D982-4F36-A980-CA3A98866D91}.Release|Any CPU.ActiveCfg = Release|Any CPU
		{3E04D1CD-D982-4F36-A980-CA3A98866D91}.Release|Any CPU.Build.0 = Release|Any CPU
		{48354588-2933-4F2C-A645-872FA9F007EE}.Debug|Any CPU.ActiveCfg = Debug|Any CPU
		{48354588-2933-4F2C-A645-872FA9F007EE}.Debug|Any CPU.Build.0 = Debug|Any CPU
		{48354588-2933-4F2C-A645-872FA9F007EE}.Release|Any CPU.ActiveCfg = Release|Any CPU
		{48354588-2933-4F2C-A645-872FA9F007EE}.Release|Any CPU.Build.0 = Release|Any CPU
		{3EE01AE4-931F-4BFC-A675-78999763D59C}.Debug|Any CPU.ActiveCfg = Debug|Any CPU
		{3EE01AE4-931F-4BFC-A675-78999763D59C}.Debug|Any CPU.Build.0 = Debug|Any CPU
		{3EE01AE4-931F-4BFC-A675-78999763D59C}.Release|Any CPU.ActiveCfg = Release|Any CPU
		{3EE01AE4-931F-4BFC-A675-78999763D59C}.Release|Any CPU.Build.0 = Release|Any CPU
	EndGlobalSection
	GlobalSection(SolutionProperties) = preSolution
		HideSolutionNode = FALSE
	EndGlobalSection
	GlobalSection(ExtensibilityGlobals) = postSolution
		SolutionGuid = {93F7CCA4-AFA4-40A0-BA49-8BAA62BAB538}
	EndGlobalSection
EndGlobal
